
Microsoft Visual Studio Solution File, Format Version 12.00
# Visual Studio 14
VisualStudioVersion = 14.0.25420.1
MinimumVisualStudioVersion = 10.0.40219.1
Project("{FAE04EC0-301F-11D3-BF4B-00C04F79EFBC}") = "DataTransfer.Form", "DataTransfer.Form\DataTransfer.Form.csproj", "{530B8FDD-0898-44A5-BF2F-896FB8823186}"
EndProject
Project("{FAE04EC0-301F-11D3-BF4B-00C04F79EFBC}") = "DataTransfer.Jobs", "DataTransfer.Jobs\DataTransfer.Jobs.csproj", "{933D5941-6B18-4428-B662-DCBA5D8B76A0}"
EndProject
Global
	GlobalSection(SolutionConfigurationPlatforms) = preSolution
		Debug|Any CPU = Debug|Any CPU
		Release|Any CPU = Release|Any CPU
	EndGlobalSection
	GlobalSection(ProjectConfigurationPlatforms) = postSolution
		{530B8FDD-0898-44A5-BF2F-896FB8823186}.Debug|Any CPU.ActiveCfg = Debug|Any CPU
		{530B8FDD-0898-44A5-BF2F-896FB8823186}.Debug|Any CPU.Build.0 = Debug|Any CPU
		{530B8FDD-0898-44A5-BF2F-896FB8823186}.Release|Any CPU.ActiveCfg = Release|Any CPU
		{530B8FDD-0898-44A5-BF2F-896FB8823186}.Release|Any CPU.Build.0 = Release|Any CPU
		{933D5941-6B18-4428-B662-DCBA5D8B76A0}.Debug|Any CPU.ActiveCfg = Debug|Any CPU
		{933D5941-6B18-4428-B662-DCBA5D8B76A0}.Debug|Any CPU.Build.0 = Debug|Any CPU
		{933D5941-6B18-4428-B662-DCBA5D8B76A0}.Release|Any CPU.ActiveCfg = Release|Any CPU
		{933D5941-6B18-4428-B662-DCBA5D8B76A0}.Release|Any CPU.Build.0 = Release|Any CPU
	EndGlobalSection
	GlobalSection(SolutionProperties) = preSolution
		HideSolutionNode = FALSE
	EndGlobalSection
EndGlobal
